{
  "pins" : [
    {
      "identity" : "sqlite.swift",
      "kind" : "remoteSourceControl",
      "location" : "https://github.com/stephencelis/SQLite.swift",
      "state" : {
        "branch" : "master",
        "revision" : "d34f63a90a153a8c54ea743f88978faf83d01a91"
      }
    },
    {
      "identity" : "swift-markdown-ui",
      "kind" : "remoteSourceControl",
      "location" : "https://github.com/gonzalezreal/swift-markdown-ui",
      "state" : {
        "branch" : "main",
        "revision" : "5f977ba52ddc99a8d891090270b1c5ab1bb9f91d"
      }
    }
  ],
  "version" : 2
}
